// !$*UTF8*$!
{
	archiveVersion = 1;
	classes = {
	};
	objectVersion = 55;
	objects = {

/* Begin PBXBuildFile section */
		0C18180B4152C8C97D9F0BC5 /* Pods_MovieFinderTests.framework in Frameworks */ = {isa = PBXBuildFile; fileRef = DB25FC24B1F95C9A26C663DC /* Pods_MovieFinderTests.framework */; };
		AA376994BD3E626E7E5AFC26 /* Pods_MovieFinder.framework in Frameworks */ = {isa = PBXBuildFile; fileRef = D336B6EE3F2C2679B3B88061 /* Pods_MovieFinder.framework */; };
		EB4597C4E44FADF0865BE990 /* Pods_MovieFinder_MovieFinderUITests.framework in Frameworks */ = {isa = PBXBuildFile; fileRef = 037D10E4B17CD8C5B035985A /* Pods_MovieFinder_MovieFinderUITests.framework */; };
		FA1B6AF62703209100920346 /* OptionalObject.swift in Sources */ = {isa = PBXBuildFile; fileRef = FA1B6AF52703209100920346 /* OptionalObject.swift */; };
		FA1B6AFA2704ABD100920346 /* movies.json in Resources */ = {isa = PBXBuildFile; fileRef = FA1B6AF92704ABD100920346 /* movies.json */; };
		FA1B6AFD2704B06C00920346 /* URLSessionDataTaskProtocol.swift in Sources */ = {isa = PBXBuildFile; fileRef = FA1B6AFC2704B06C00920346 /* URLSessionDataTaskProtocol.swift */; };
		FA1B6AFF2704B0B000920346 /* URLSessionProtocol.swift in Sources */ = {isa = PBXBuildFile; fileRef = FA1B6AFE2704B0B000920346 /* URLSessionProtocol.swift */; };
		FA1B6B022704B1C900920346 /* MockDataTask.swift in Sources */ = {isa = PBXBuildFile; fileRef = FA1B6B012704B1C900920346 /* MockDataTask.swift */; };
		FA1B6B042704B1FC00920346 /* MockSession.swift in Sources */ = {isa = PBXBuildFile; fileRef = FA1B6B032704B1FC00920346 /* MockSession.swift */; };
		FA73720026FCC0E700052946 /* AppDelegate.swift in Sources */ = {isa = PBXBuildFile; fileRef = FA7371FF26FCC0E700052946 /* AppDelegate.swift */; };
		FA73720226FCC0E700052946 /* SceneDelegate.swift in Sources */ = {isa = PBXBuildFile; fileRef = FA73720126FCC0E700052946 /* SceneDelegate.swift */; };
		FA73720726FCC0E700052946 /* Main.storyboard in Resources */ = {isa = PBXBuildFile; fileRef = FA73720526FCC0E700052946 /* Main.storyboard */; };
		FA73720926FCC0EC00052946 /* Assets.xcassets in Resources */ = {isa = PBXBuildFile; fileRef = FA73720826FCC0EC00052946 /* Assets.xcassets */; };
		FA73720C26FCC0EC00052946 /* LaunchScreen.storyboard in Resources */ = {isa = PBXBuildFile; fileRef = FA73720A26FCC0EC00052946 /* LaunchScreen.storyboard */; };
		FA73721726FCC0ED00052946 /* MovieFinderTests.swift in Sources */ = {isa = PBXBuildFile; fileRef = FA73721626FCC0ED00052946 /* MovieFinderTests.swift */; };
		FA73722126FCC0ED00052946 /* MovieFinderUITests.swift in Sources */ = {isa = PBXBuildFile; fileRef = FA73722026FCC0ED00052946 /* MovieFinderUITests.swift */; };
		FA73722326FCC0ED00052946 /* MovieFinderUITestsLaunchTests.swift in Sources */ = {isa = PBXBuildFile; fileRef = FA73722226FCC0ED00052946 /* MovieFinderUITestsLaunchTests.swift */; };
		FA73723426FDBA7400052946 /* MovieTableViewCell.swift in Sources */ = {isa = PBXBuildFile; fileRef = FA73723326FDBA7400052946 /* MovieTableViewCell.swift */; };
		FA73723726FDE50600052946 /* MoviesViewController.swift in Sources */ = {isa = PBXBuildFile; fileRef = FA73723626FDE50600052946 /* MoviesViewController.swift */; };
		FA73723A26FDE69A00052946 /* UITableViewCell+Identifier.swift in Sources */ = {isa = PBXBuildFile; fileRef = FA73723926FDE69A00052946 /* UITableViewCell+Identifier.swift */; };
		FA73723E26FDE7E500052946 /* Movie.swift in Sources */ = {isa = PBXBuildFile; fileRef = FA73723D26FDE7E500052946 /* Movie.swift */; };
		FA73724126FDE8F700052946 /* MovieViewModel.swift in Sources */ = {isa = PBXBuildFile; fileRef = FA73724026FDE8F700052946 /* MovieViewModel.swift */; };
		FA73724426FDEAB500052946 /* MovieFinderClient.swift in Sources */ = {isa = PBXBuildFile; fileRef = FA73724326FDEAB500052946 /* MovieFinderClient.swift */; };
		FA73724626FE037E00052946 /* ImageClient.swift in Sources */ = {isa = PBXBuildFile; fileRef = FA73724526FE037E00052946 /* ImageClient.swift */; };
		FAB75D802705F2940050C40E /* Secrets.swift in Sources */ = {isa = PBXBuildFile; fileRef = FAB75D7F2705F2940050C40E /* Secrets.swift */; };
		FAB75D822705F9890050C40E /* URLSessionHTTPClient.swift in Sources */ = {isa = PBXBuildFile; fileRef = FAB75D812705F9890050C40E /* URLSessionHTTPClient.swift */; };
		FAB75D842705FAF80050C40E /* HTTPClientProtocol.swift in Sources */ = {isa = PBXBuildFile; fileRef = FAB75D832705FAF80050C40E /* HTTPClientProtocol.swift */; };
		FAB75D88270730390050C40E /* movies_not_found.json in Resources */ = {isa = PBXBuildFile; fileRef = FAB75D87270730390050C40E /* movies_not_found.json */; };
		FAB75D8A270740D30050C40E /* AlamofireHTTPClient.swift in Sources */ = {isa = PBXBuildFile; fileRef = FAB75D89270740D30050C40E /* AlamofireHTTPClient.swift */; };
		FAB75D8C270750C20050C40E /* .swiftlint.yml in Resources */ = {isa = PBXBuildFile; fileRef = FAB75D8B270750C20050C40E /* .swiftlint.yml */; };
/* End PBXBuildFile section */

/* Begin PBXContainerItemProxy section */
		FA73721326FCC0ED00052946 /* PBXContainerItemProxy */ = {
			isa = PBXContainerItemProxy;
			containerPortal = FA7371F426FCC0E700052946 /* Project object */;
			proxyType = 1;
			remoteGlobalIDString = FA7371FB26FCC0E700052946;
			remoteInfo = MovieFinder;
		};
		FA73721D26FCC0ED00052946 /* PBXContainerItemProxy */ = {
			isa = PBXContainerItemProxy;
			containerPortal = FA7371F426FCC0E700052946 /* Project object */;
			proxyType = 1;
			remoteGlobalIDString = FA7371FB26FCC0E700052946;
			remoteInfo = MovieFinder;
		};
/* End PBXContainerItemProxy section */

/* Begin PBXFileReference section */
		037D10E4B17CD8C5B035985A /* Pods_MovieFinder_MovieFinderUITests.framework */ = {isa = PBXFileReference; explicitFileType = wrapper.framework; includeInIndex = 0; path = Pods_MovieFinder_MovieFinderUITests.framework; sourceTree = BUILT_PRODUCTS_DIR; };
		189727EF98AD8C01F8383956 /* Pods-MovieFinderTests.debug.xcconfig */ = {isa = PBXFileReference; includeInIndex = 1; lastKnownFileType = text.xcconfig; name = "Pods-MovieFinderTests.debug.xcconfig"; path = "Target Support Files/Pods-MovieFinderTests/Pods-MovieFinderTests.debug.xcconfig"; sourceTree = "<group>"; };
		64DD51E6C195376C70BB5DB7 /* Pods-MovieFinderTests.release.xcconfig */ = {isa = PBXFileReference; includeInIndex = 1; lastKnownFileType = text.xcconfig; name = "Pods-MovieFinderTests.release.xcconfig"; path = "Target Support Files/Pods-MovieFinderTests/Pods-MovieFinderTests.release.xcconfig"; sourceTree = "<group>"; };
		696E87D146FB1FFD2FCAECC7 /* Pods-MovieFinder.debug.xcconfig */ = {isa = PBXFileReference; includeInIndex = 1; lastKnownFileType = text.xcconfig; name = "Pods-MovieFinder.debug.xcconfig"; path = "Target Support Files/Pods-MovieFinder/Pods-MovieFinder.debug.xcconfig"; sourceTree = "<group>"; };
		961E3BE4176FC9C46EFCDF12 /* Pods-MovieFinder-MovieFinderUITests.debug.xcconfig */ = {isa = PBXFileReference; includeInIndex = 1; lastKnownFileType = text.xcconfig; name = "Pods-MovieFinder-MovieFinderUITests.debug.xcconfig"; path = "Target Support Files/Pods-MovieFinder-MovieFinderUITests/Pods-MovieFinder-MovieFinderUITests.debug.xcconfig"; sourceTree = "<group>"; };
		AEFAADBB407D523AF054CCEC /* Pods-MovieFinder.release.xcconfig */ = {isa = PBXFileReference; includeInIndex = 1; lastKnownFileType = text.xcconfig; name = "Pods-MovieFinder.release.xcconfig"; path = "Target Support Files/Pods-MovieFinder/Pods-MovieFinder.release.xcconfig"; sourceTree = "<group>"; };
		B86B2B33F8EBEB2519DD1BF8 /* Pods-MovieFinder-MovieFinderUITests.release.xcconfig */ = {isa = PBXFileReference; includeInIndex = 1; lastKnownFileType = text.xcconfig; name = "Pods-MovieFinder-MovieFinderUITests.release.xcconfig"; path = "Target Support Files/Pods-MovieFinder-MovieFinderUITests/Pods-MovieFinder-MovieFinderUITests.release.xcconfig"; sourceTree = "<group>"; };
		D336B6EE3F2C2679B3B88061 /* Pods_MovieFinder.framework */ = {isa = PBXFileReference; explicitFileType = wrapper.framework; includeInIndex = 0; path = Pods_MovieFinder.framework; sourceTree = BUILT_PRODUCTS_DIR; };
		DB25FC24B1F95C9A26C663DC /* Pods_MovieFinderTests.framework */ = {isa = PBXFileReference; explicitFileType = wrapper.framework; includeInIndex = 0; path = Pods_MovieFinderTests.framework; sourceTree = BUILT_PRODUCTS_DIR; };
		FA1B6AF52703209100920346 /* OptionalObject.swift */ = {isa = PBXFileReference; lastKnownFileType = sourcecode.swift; path = OptionalObject.swift; sourceTree = "<group>"; };
		FA1B6AF92704ABD100920346 /* movies.json */ = {isa = PBXFileReference; lastKnownFileType = text.json; path = movies.json; sourceTree = "<group>"; };
		FA1B6AFC2704B06C00920346 /* URLSessionDataTaskProtocol.swift */ = {isa = PBXFileReference; lastKnownFileType = sourcecode.swift; path = URLSessionDataTaskProtocol.swift; sourceTree = "<group>"; };
		FA1B6AFE2704B0B000920346 /* URLSessionProtocol.swift */ = {isa = PBXFileReference; lastKnownFileType = sourcecode.swift; path = URLSessionProtocol.swift; sourceTree = "<group>"; };
		FA1B6B012704B1C900920346 /* MockDataTask.swift */ = {isa = PBXFileReference; lastKnownFileType = sourcecode.swift; path = MockDataTask.swift; sourceTree = "<group>"; };
		FA1B6B032704B1FC00920346 /* MockSession.swift */ = {isa = PBXFileReference; lastKnownFileType = sourcecode.swift; path = MockSession.swift; sourceTree = "<group>"; };
		FA7371FC26FCC0E700052946 /* MovieFinder.app */ = {isa = PBXFileReference; explicitFileType = wrapper.application; includeInIndex = 0; path = MovieFinder.app; sourceTree = BUILT_PRODUCTS_DIR; };
		FA7371FF26FCC0E700052946 /* AppDelegate.swift */ = {isa = PBXFileReference; lastKnownFileType = sourcecode.swift; path = AppDelegate.swift; sourceTree = "<group>"; };
		FA73720126FCC0E700052946 /* SceneDelegate.swift */ = {isa = PBXFileReference; lastKnownFileType = sourcecode.swift; path = SceneDelegate.swift; sourceTree = "<group>"; };
		FA73720626FCC0E700052946 /* Base */ = {isa = PBXFileReference; lastKnownFileType = file.storyboard; name = Base; path = Base.lproj/Main.storyboard; sourceTree = "<group>"; };
		FA73720826FCC0EC00052946 /* Assets.xcassets */ = {isa = PBXFileReference; lastKnownFileType = folder.assetcatalog; path = Assets.xcassets; sourceTree = "<group>"; };
		FA73720B26FCC0EC00052946 /* Base */ = {isa = PBXFileReference; lastKnownFileType = file.storyboard; name = Base; path = Base.lproj/LaunchScreen.storyboard; sourceTree = "<group>"; };
		FA73720D26FCC0EC00052946 /* Info.plist */ = {isa = PBXFileReference; lastKnownFileType = text.plist.xml; path = Info.plist; sourceTree = "<group>"; };
		FA73721226FCC0ED00052946 /* MovieFinderTests.xctest */ = {isa = PBXFileReference; explicitFileType = wrapper.cfbundle; includeInIndex = 0; path = MovieFinderTests.xctest; sourceTree = BUILT_PRODUCTS_DIR; };
		FA73721626FCC0ED00052946 /* MovieFinderTests.swift */ = {isa = PBXFileReference; lastKnownFileType = sourcecode.swift; path = MovieFinderTests.swift; sourceTree = "<group>"; };
		FA73721C26FCC0ED00052946 /* MovieFinderUITests.xctest */ = {isa = PBXFileReference; explicitFileType = wrapper.cfbundle; includeInIndex = 0; path = MovieFinderUITests.xctest; sourceTree = BUILT_PRODUCTS_DIR; };
		FA73722026FCC0ED00052946 /* MovieFinderUITests.swift */ = {isa = PBXFileReference; lastKnownFileType = sourcecode.swift; path = MovieFinderUITests.swift; sourceTree = "<group>"; };
		FA73722226FCC0ED00052946 /* MovieFinderUITestsLaunchTests.swift */ = {isa = PBXFileReference; lastKnownFileType = sourcecode.swift; path = MovieFinderUITestsLaunchTests.swift; sourceTree = "<group>"; };
		FA73723326FDBA7400052946 /* MovieTableViewCell.swift */ = {isa = PBXFileReference; lastKnownFileType = sourcecode.swift; path = MovieTableViewCell.swift; sourceTree = "<group>"; };
		FA73723626FDE50600052946 /* MoviesViewController.swift */ = {isa = PBXFileReference; lastKnownFileType = sourcecode.swift; path = MoviesViewController.swift; sourceTree = "<group>"; };
		FA73723926FDE69A00052946 /* UITableViewCell+Identifier.swift */ = {isa = PBXFileReference; lastKnownFileType = sourcecode.swift; path = "UITableViewCell+Identifier.swift"; sourceTree = "<group>"; };
		FA73723D26FDE7E500052946 /* Movie.swift */ = {isa = PBXFileReference; lastKnownFileType = sourcecode.swift; path = Movie.swift; sourceTree = "<group>"; };
		FA73724026FDE8F700052946 /* MovieViewModel.swift */ = {isa = PBXFileReference; lastKnownFileType = sourcecode.swift; path = MovieViewModel.swift; sourceTree = "<group>"; };
		FA73724326FDEAB500052946 /* MovieFinderClient.swift */ = {isa = PBXFileReference; lastKnownFileType = sourcecode.swift; path = MovieFinderClient.swift; sourceTree = "<group>"; };
		FA73724526FE037E00052946 /* ImageClient.swift */ = {isa = PBXFileReference; lastKnownFileType = sourcecode.swift; path = ImageClient.swift; sourceTree = "<group>"; };
		FAB75D7F2705F2940050C40E /* Secrets.swift */ = {isa = PBXFileReference; lastKnownFileType = sourcecode.swift; path = Secrets.swift; sourceTree = "<group>"; };
		FAB75D812705F9890050C40E /* URLSessionHTTPClient.swift */ = {isa = PBXFileReference; lastKnownFileType = sourcecode.swift; path = URLSessionHTTPClient.swift; sourceTree = "<group>"; };
		FAB75D832705FAF80050C40E /* HTTPClientProtocol.swift */ = {isa = PBXFileReference; lastKnownFileType = sourcecode.swift; path = HTTPClientProtocol.swift; sourceTree = "<group>"; };
		FAB75D87270730390050C40E /* movies_not_found.json */ = {isa = PBXFileReference; lastKnownFileType = text.json; path = movies_not_found.json; sourceTree = "<group>"; };
		FAB75D89270740D30050C40E /* AlamofireHTTPClient.swift */ = {isa = PBXFileReference; lastKnownFileType = sourcecode.swift; path = AlamofireHTTPClient.swift; sourceTree = "<group>"; };
		FAB75D8B270750C20050C40E /* .swiftlint.yml */ = {isa = PBXFileReference; lastKnownFileType = text.yaml; path = .swiftlint.yml; sourceTree = "<group>"; };
/* End PBXFileReference section */

/* Begin PBXFrameworksBuildPhase section */
		FA7371F926FCC0E700052946 /* Frameworks */ = {
			isa = PBXFrameworksBuildPhase;
			buildActionMask = 2147483647;
			files = (
				AA376994BD3E626E7E5AFC26 /* Pods_MovieFinder.framework in Frameworks */,
			);
			runOnlyForDeploymentPostprocessing = 0;
		};
		FA73720F26FCC0ED00052946 /* Frameworks */ = {
			isa = PBXFrameworksBuildPhase;
			buildActionMask = 2147483647;
			files = (
				0C18180B4152C8C97D9F0BC5 /* Pods_MovieFinderTests.framework in Frameworks */,
			);
			runOnlyForDeploymentPostprocessing = 0;
		};
		FA73721926FCC0ED00052946 /* Frameworks */ = {
			isa = PBXFrameworksBuildPhase;
			buildActionMask = 2147483647;
			files = (
				EB4597C4E44FADF0865BE990 /* Pods_MovieFinder_MovieFinderUITests.framework in Frameworks */,
			);
			runOnlyForDeploymentPostprocessing = 0;
		};
/* End PBXFrameworksBuildPhase section */

/* Begin PBXGroup section */
		1E3C5EBE13CA744E969345A3 /* Pods */ = {
			isa = PBXGroup;
			children = (
				696E87D146FB1FFD2FCAECC7 /* Pods-MovieFinder.debug.xcconfig */,
				AEFAADBB407D523AF054CCEC /* Pods-MovieFinder.release.xcconfig */,
				961E3BE4176FC9C46EFCDF12 /* Pods-MovieFinder-MovieFinderUITests.debug.xcconfig */,
				B86B2B33F8EBEB2519DD1BF8 /* Pods-MovieFinder-MovieFinderUITests.release.xcconfig */,
				189727EF98AD8C01F8383956 /* Pods-MovieFinderTests.debug.xcconfig */,
				64DD51E6C195376C70BB5DB7 /* Pods-MovieFinderTests.release.xcconfig */,
			);
			path = Pods;
			sourceTree = "<group>";
		};
		B164F1FEA3D9E27C6AAB7E26 /* Frameworks */ = {
			isa = PBXGroup;
			children = (
				D336B6EE3F2C2679B3B88061 /* Pods_MovieFinder.framework */,
				037D10E4B17CD8C5B035985A /* Pods_MovieFinder_MovieFinderUITests.framework */,
				DB25FC24B1F95C9A26C663DC /* Pods_MovieFinderTests.framework */,
			);
			name = Frameworks;
			sourceTree = "<group>";
		};
		FA1B6B002704B1BA00920346 /* Mocks */ = {
			isa = PBXGroup;
			children = (
				FAB75D86270730120050C40E /* Responses */,
				FA1B6B012704B1C900920346 /* MockDataTask.swift */,
				FA1B6B032704B1FC00920346 /* MockSession.swift */,
			);
			path = Mocks;
			sourceTree = "<group>";
		};
		FA1B6B052704C3F900920346 /* Protocols */ = {
			isa = PBXGroup;
			children = (
				FA1B6AFC2704B06C00920346 /* URLSessionDataTaskProtocol.swift */,
				FA1B6AFE2704B0B000920346 /* URLSessionProtocol.swift */,
				FAB75D832705FAF80050C40E /* HTTPClientProtocol.swift */,
			);
			path = Protocols;
			sourceTree = "<group>";
		};
		FA7371F326FCC0E700052946 = {
			isa = PBXGroup;
			children = (
				FAB75D8B270750C20050C40E /* .swiftlint.yml */,
				FA7371FE26FCC0E700052946 /* MovieFinder */,
				FA73721526FCC0ED00052946 /* MovieFinderTests */,
				FA73721F26FCC0ED00052946 /* MovieFinderUITests */,
				FA7371FD26FCC0E700052946 /* Products */,
				1E3C5EBE13CA744E969345A3 /* Pods */,
				B164F1FEA3D9E27C6AAB7E26 /* Frameworks */,
			);
			sourceTree = "<group>";
		};
		FA7371FD26FCC0E700052946 /* Products */ = {
			isa = PBXGroup;
			children = (
				FA7371FC26FCC0E700052946 /* MovieFinder.app */,
				FA73721226FCC0ED00052946 /* MovieFinderTests.xctest */,
				FA73721C26FCC0ED00052946 /* MovieFinderUITests.xctest */,
			);
			name = Products;
			sourceTree = "<group>";
		};
		FA7371FE26FCC0E700052946 /* MovieFinder */ = {
			isa = PBXGroup;
			children = (
				FAB75D7E2705F2880050C40E /* Objects */,
				FA1B6B052704C3F900920346 /* Protocols */,
				FA73724226FDEA7300052946 /* Networking */,
				FA73723F26FDE8DA00052946 /* ViewModels */,
				FA73723C26FDE7D200052946 /* Models */,
				FA73723826FDE67300052946 /* Extensions */,
				FA73723526FDE08200052946 /* Controllers */,
				FA73722F26FCC81E00052946 /* Views */,
				FA7371FF26FCC0E700052946 /* AppDelegate.swift */,
				FA73720126FCC0E700052946 /* SceneDelegate.swift */,
				FA73720526FCC0E700052946 /* Main.storyboard */,
				FA73720826FCC0EC00052946 /* Assets.xcassets */,
				FA73720A26FCC0EC00052946 /* LaunchScreen.storyboard */,
				FA73720D26FCC0EC00052946 /* Info.plist */,
			);
			path = MovieFinder;
			sourceTree = "<group>";
		};
		FA73721526FCC0ED00052946 /* MovieFinderTests */ = {
			isa = PBXGroup;
			children = (
				FA1B6B002704B1BA00920346 /* Mocks */,
				FA73721626FCC0ED00052946 /* MovieFinderTests.swift */,
			);
			path = MovieFinderTests;
			sourceTree = "<group>";
		};
		FA73721F26FCC0ED00052946 /* MovieFinderUITests */ = {
			isa = PBXGroup;
			children = (
				FA73722026FCC0ED00052946 /* MovieFinderUITests.swift */,
				FA73722226FCC0ED00052946 /* MovieFinderUITestsLaunchTests.swift */,
			);
			path = MovieFinderUITests;
			sourceTree = "<group>";
		};
		FA73722F26FCC81E00052946 /* Views */ = {
			isa = PBXGroup;
			children = (
				FA73723026FCC82F00052946 /* TableViewCells */,
			);
			path = Views;
			sourceTree = "<group>";
		};
		FA73723026FCC82F00052946 /* TableViewCells */ = {
			isa = PBXGroup;
			children = (
				FA73723326FDBA7400052946 /* MovieTableViewCell.swift */,
			);
			path = TableViewCells;
			sourceTree = "<group>";
		};
		FA73723526FDE08200052946 /* Controllers */ = {
			isa = PBXGroup;
			children = (
				FA73723626FDE50600052946 /* MoviesViewController.swift */,
			);
			path = Controllers;
			sourceTree = "<group>";
		};
		FA73723826FDE67300052946 /* Extensions */ = {
			isa = PBXGroup;
			children = (
				FA73723926FDE69A00052946 /* UITableViewCell+Identifier.swift */,
			);
			path = Extensions;
			sourceTree = "<group>";
		};
		FA73723C26FDE7D200052946 /* Models */ = {
			isa = PBXGroup;
			children = (
				FA73723D26FDE7E500052946 /* Movie.swift */,
			);
			path = Models;
			sourceTree = "<group>";
		};
		FA73723F26FDE8DA00052946 /* ViewModels */ = {
			isa = PBXGroup;
			children = (
				FA73724026FDE8F700052946 /* MovieViewModel.swift */,
			);
			path = ViewModels;
			sourceTree = "<group>";
		};
		FA73724226FDEA7300052946 /* Networking */ = {
			isa = PBXGroup;
			children = (
				FA73724326FDEAB500052946 /* MovieFinderClient.swift */,
				FA73724526FE037E00052946 /* ImageClient.swift */,
			);
			path = Networking;
			sourceTree = "<group>";
		};
		FAB75D7E2705F2880050C40E /* Objects */ = {
			isa = PBXGroup;
			children = (
				FA1B6AF52703209100920346 /* OptionalObject.swift */,
				FAB75D7F2705F2940050C40E /* Secrets.swift */,
				FAB75D812705F9890050C40E /* URLSessionHTTPClient.swift */,
				FAB75D89270740D30050C40E /* AlamofireHTTPClient.swift */,
			);
			path = Objects;
			sourceTree = "<group>";
		};
		FAB75D86270730120050C40E /* Responses */ = {
			isa = PBXGroup;
			children = (
				FA1B6AF92704ABD100920346 /* movies.json */,
				FAB75D87270730390050C40E /* movies_not_found.json */,
			);
			path = Responses;
			sourceTree = "<group>";
		};
/* End PBXGroup section */

/* Begin PBXNativeTarget section */
		FA7371FB26FCC0E700052946 /* MovieFinder */ = {
			isa = PBXNativeTarget;
			buildConfigurationList = FA73722626FCC0ED00052946 /* Build configuration list for PBXNativeTarget "MovieFinder" */;
			buildPhases = (
				DAFB91EA2CA03FC6D6D15657 /* [CP] Check Pods Manifest.lock */,
				FA7371F826FCC0E700052946 /* Sources */,
				FA7371F926FCC0E700052946 /* Frameworks */,
				FA7371FA26FCC0E700052946 /* Resources */,
				FAB75D7D2705CEE80050C40E /* Run Script */,
				1E48250705C201A856913FB1 /* [CP] Embed Pods Frameworks */,
			);
			buildRules = (
			);
			dependencies = (
			);
			name = MovieFinder;
			productName = MovieFinder;
			productReference = FA7371FC26FCC0E700052946 /* MovieFinder.app */;
			productType = "com.apple.product-type.application";
		};
		FA73721126FCC0ED00052946 /* MovieFinderTests */ = {
			isa = PBXNativeTarget;
			buildConfigurationList = FA73722926FCC0ED00052946 /* Build configuration list for PBXNativeTarget "MovieFinderTests" */;
			buildPhases = (
				44B5C8CEAA00C137C1D653E3 /* [CP] Check Pods Manifest.lock */,
				FA73720E26FCC0ED00052946 /* Sources */,
				FA73720F26FCC0ED00052946 /* Frameworks */,
				FA73721026FCC0ED00052946 /* Resources */,
			);
			buildRules = (
			);
			dependencies = (
				FA73721426FCC0ED00052946 /* PBXTargetDependency */,
			);
			name = MovieFinderTests;
			productName = MovieFinderTests;
			productReference = FA73721226FCC0ED00052946 /* MovieFinderTests.xctest */;
			productType = "com.apple.product-type.bundle.unit-test";
		};
		FA73721B26FCC0ED00052946 /* MovieFinderUITests */ = {
			isa = PBXNativeTarget;
			buildConfigurationList = FA73722C26FCC0ED00052946 /* Build configuration list for PBXNativeTarget "MovieFinderUITests" */;
			buildPhases = (
				D1CAC01FAC896C4CA1EF9CDC /* [CP] Check Pods Manifest.lock */,
				FA73721826FCC0ED00052946 /* Sources */,
				FA73721926FCC0ED00052946 /* Frameworks */,
				FA73721A26FCC0ED00052946 /* Resources */,
				6095CB3158D990CDC6748BB3 /* [CP] Embed Pods Frameworks */,
			);
			buildRules = (
			);
			dependencies = (
				FA73721E26FCC0ED00052946 /* PBXTargetDependency */,
			);
			name = MovieFinderUITests;
			productName = MovieFinderUITests;
			productReference = FA73721C26FCC0ED00052946 /* MovieFinderUITests.xctest */;
			productType = "com.apple.product-type.bundle.ui-testing";
		};
/* End PBXNativeTarget section */

/* Begin PBXProject section */
		FA7371F426FCC0E700052946 /* Project object */ = {
			isa = PBXProject;
			attributes = {
				BuildIndependentTargetsInParallel = 1;
				LastSwiftUpdateCheck = 1300;
				LastUpgradeCheck = 1300;
				TargetAttributes = {
					FA7371FB26FCC0E700052946 = {
						CreatedOnToolsVersion = 13.0;
					};
					FA73721126FCC0ED00052946 = {
						CreatedOnToolsVersion = 13.0;
						TestTargetID = FA7371FB26FCC0E700052946;
					};
					FA73721B26FCC0ED00052946 = {
						CreatedOnToolsVersion = 13.0;
						TestTargetID = FA7371FB26FCC0E700052946;
					};
				};
			};
			buildConfigurationList = FA7371F726FCC0E700052946 /* Build configuration list for PBXProject "MovieFinder" */;
			compatibilityVersion = "Xcode 13.0";
			developmentRegion = en;
			hasScannedForEncodings = 0;
			knownRegions = (
				en,
				Base,
			);
			mainGroup = FA7371F326FCC0E700052946;
			productRefGroup = FA7371FD26FCC0E700052946 /* Products */;
			projectDirPath = "";
			projectRoot = "";
			targets = (
				FA7371FB26FCC0E700052946 /* MovieFinder */,
				FA73721126FCC0ED00052946 /* MovieFinderTests */,
				FA73721B26FCC0ED00052946 /* MovieFinderUITests */,
			);
		};
/* End PBXProject section */

/* Begin PBXResourcesBuildPhase section */
		FA7371FA26FCC0E700052946 /* Resources */ = {
			isa = PBXResourcesBuildPhase;
			buildActionMask = 2147483647;
			files = (
				FAB75D8C270750C20050C40E /* .swiftlint.yml in Resources */,
				FA73720C26FCC0EC00052946 /* LaunchScreen.storyboard in Resources */,
				FA73720926FCC0EC00052946 /* Assets.xcassets in Resources */,
				FA73720726FCC0E700052946 /* Main.storyboard in Resources */,
			);
			runOnlyForDeploymentPostprocessing = 0;
		};
		FA73721026FCC0ED00052946 /* Resources */ = {
			isa = PBXResourcesBuildPhase;
			buildActionMask = 2147483647;
			files = (
				FA1B6AFA2704ABD100920346 /* movies.json in Resources */,
				FAB75D88270730390050C40E /* movies_not_found.json in Resources */,
			);
			runOnlyForDeploymentPostprocessing = 0;
		};
		FA73721A26FCC0ED00052946 /* Resources */ = {
			isa = PBXResourcesBuildPhase;
			buildActionMask = 2147483647;
			files = (
			);
			runOnlyForDeploymentPostprocessing = 0;
		};
/* End PBXResourcesBuildPhase section */

/* Begin PBXShellScriptBuildPhase section */
		1E48250705C201A856913FB1 /* [CP] Embed Pods Frameworks */ = {
			isa = PBXShellScriptBuildPhase;
			buildActionMask = 2147483647;
			files = (
			);
			inputFileListPaths = (
				"${PODS_ROOT}/Target Support Files/Pods-MovieFinder/Pods-MovieFinder-frameworks-${CONFIGURATION}-input-files.xcfilelist",
			);
			name = "[CP] Embed Pods Frameworks";
			outputFileListPaths = (
				"${PODS_ROOT}/Target Support Files/Pods-MovieFinder/Pods-MovieFinder-frameworks-${CONFIGURATION}-output-files.xcfilelist",
			);
			runOnlyForDeploymentPostprocessing = 0;
			shellPath = /bin/sh;
			shellScript = "\"${PODS_ROOT}/Target Support Files/Pods-MovieFinder/Pods-MovieFinder-frameworks.sh\"\n";
			showEnvVarsInLog = 0;
		};
		44B5C8CEAA00C137C1D653E3 /* [CP] Check Pods Manifest.lock */ = {
			isa = PBXShellScriptBuildPhase;
			buildActionMask = 2147483647;
			files = (
			);
			inputFileListPaths = (
			);
			inputPaths = (
				"${PODS_PODFILE_DIR_PATH}/Podfile.lock",
				"${PODS_ROOT}/Manifest.lock",
			);
			name = "[CP] Check Pods Manifest.lock";
			outputFileListPaths = (
			);
			outputPaths = (
				"$(DERIVED_FILE_DIR)/Pods-MovieFinderTests-checkManifestLockResult.txt",
			);
			runOnlyForDeploymentPostprocessing = 0;
			shellPath = /bin/sh;
			shellScript = "diff \"${PODS_PODFILE_DIR_PATH}/Podfile.lock\" \"${PODS_ROOT}/Manifest.lock\" > /dev/null\nif [ $? != 0 ] ; then\n    # print error to STDERR\n    echo \"error: The sandbox is not in sync with the Podfile.lock. Run 'pod install' or update your CocoaPods installation.\" >&2\n    exit 1\nfi\n# This output is used by Xcode 'outputs' to avoid re-running this script phase.\necho \"SUCCESS\" > \"${SCRIPT_OUTPUT_FILE_0}\"\n";
			showEnvVarsInLog = 0;
		};
		6095CB3158D990CDC6748BB3 /* [CP] Embed Pods Frameworks */ = {
			isa = PBXShellScriptBuildPhase;
			buildActionMask = 2147483647;
			files = (
			);
			inputFileListPaths = (
				"${PODS_ROOT}/Target Support Files/Pods-MovieFinder-MovieFinderUITests/Pods-MovieFinder-MovieFinderUITests-frameworks-${CONFIGURATION}-input-files.xcfilelist",
			);
			name = "[CP] Embed Pods Frameworks";
			outputFileListPaths = (
				"${PODS_ROOT}/Target Support Files/Pods-MovieFinder-MovieFinderUITests/Pods-MovieFinder-MovieFinderUITests-frameworks-${CONFIGURATION}-output-files.xcfilelist",
			);
			runOnlyForDeploymentPostprocessing = 0;
			shellPath = /bin/sh;
			shellScript = "\"${PODS_ROOT}/Target Support Files/Pods-MovieFinder-MovieFinderUITests/Pods-MovieFinder-MovieFinderUITests-frameworks.sh\"\n";
			showEnvVarsInLog = 0;
		};
		D1CAC01FAC896C4CA1EF9CDC /* [CP] Check Pods Manifest.lock */ = {
			isa = PBXShellScriptBuildPhase;
			buildActionMask = 2147483647;
			files = (
			);
			inputFileListPaths = (
			);
			inputPaths = (
				"${PODS_PODFILE_DIR_PATH}/Podfile.lock",
				"${PODS_ROOT}/Manifest.lock",
			);
			name = "[CP] Check Pods Manifest.lock";
			outputFileListPaths = (
			);
			outputPaths = (
				"$(DERIVED_FILE_DIR)/Pods-MovieFinder-MovieFinderUITests-checkManifestLockResult.txt",
			);
			runOnlyForDeploymentPostprocessing = 0;
			shellPath = /bin/sh;
			shellScript = "diff \"${PODS_PODFILE_DIR_PATH}/Podfile.lock\" \"${PODS_ROOT}/Manifest.lock\" > /dev/null\nif [ $? != 0 ] ; then\n    # print error to STDERR\n    echo \"error: The sandbox is not in sync with the Podfile.lock. Run 'pod install' or update your CocoaPods installation.\" >&2\n    exit 1\nfi\n# This output is used by Xcode 'outputs' to avoid re-running this script phase.\necho \"SUCCESS\" > \"${SCRIPT_OUTPUT_FILE_0}\"\n";
			showEnvVarsInLog = 0;
		};
		DAFB91EA2CA03FC6D6D15657 /* [CP] Check Pods Manifest.lock */ = {
			isa = PBXShellScriptBuildPhase;
			buildActionMask = 2147483647;
			files = (
			);
			inputFileListPaths = (
			);
			inputPaths = (
				"${PODS_PODFILE_DIR_PATH}/Podfile.lock",
				"${PODS_ROOT}/Manifest.lock",
			);
			name = "[CP] Check Pods Manifest.lock";
			outputFileListPaths = (
			);
			outputPaths = (
				"$(DERIVED_FILE_DIR)/Pods-MovieFinder-checkManifestLockResult.txt",
			);
			runOnlyForDeploymentPostprocessing = 0;
			shellPath = /bin/sh;
			shellScript = "diff \"${PODS_PODFILE_DIR_PATH}/Podfile.lock\" \"${PODS_ROOT}/Manifest.lock\" > /dev/null\nif [ $? != 0 ] ; then\n    # print error to STDERR\n    echo \"error: The sandbox is not in sync with the Podfile.lock. Run 'pod install' or update your CocoaPods installation.\" >&2\n    exit 1\nfi\n# This output is used by Xcode 'outputs' to avoid re-running this script phase.\necho \"SUCCESS\" > \"${SCRIPT_OUTPUT_FILE_0}\"\n";
			showEnvVarsInLog = 0;
		};
		FAB75D7D2705CEE80050C40E /* Run Script */ = {
			isa = PBXShellScriptBuildPhase;
			buildActionMask = 2147483647;
			files = (
			);
			inputFileListPaths = (
			);
			inputPaths = (
			);
			name = "Run Script";
			outputFileListPaths = (
			);
			outputPaths = (
			);
			runOnlyForDeploymentPostprocessing = 0;
			shellPath = /bin/sh;
			shellScript = "\"${PODS_ROOT}/SwiftLint/swiftlint\"\n";
		};
/* End PBXShellScriptBuildPhase section */

/* Begin PBXSourcesBuildPhase section */
		FA7371F826FCC0E700052946 /* Sources */ = {
			isa = PBXSourcesBuildPhase;
			buildActionMask = 2147483647;
			files = (
				FA1B6AFF2704B0B000920346 /* URLSessionProtocol.swift in Sources */,
				FA1B6AF62703209100920346 /* OptionalObject.swift in Sources */,
				FA73723A26FDE69A00052946 /* UITableViewCell+Identifier.swift in Sources */,
				FAB75D8A270740D30050C40E /* AlamofireHTTPClient.swift in Sources */,
				FA73724426FDEAB500052946 /* MovieFinderClient.swift in Sources */,
				FA73723726FDE50600052946 /* MoviesViewController.swift in Sources */,
				FA73723E26FDE7E500052946 /* Movie.swift in Sources */,
				FA73720026FCC0E700052946 /* AppDelegate.swift in Sources */,
				FA73723426FDBA7400052946 /* MovieTableViewCell.swift in Sources */,
				FA73724626FE037E00052946 /* ImageClient.swift in Sources */,
				FA73724126FDE8F700052946 /* MovieViewModel.swift in Sources */,
				FAB75D842705FAF80050C40E /* HTTPClientProtocol.swift in Sources */,
				FAB75D822705F9890050C40E /* URLSessionHTTPClient.swift in Sources */,
				FA1B6AFD2704B06C00920346 /* URLSessionDataTaskProtocol.swift in Sources */,
				FAB75D802705F2940050C40E /* Secrets.swift in Sources */,
				FA73720226FCC0E700052946 /* SceneDelegate.swift in Sources */,
			);
			runOnlyForDeploymentPostprocessing = 0;
		};
		FA73720E26FCC0ED00052946 /* Sources */ = {
			isa = PBXSourcesBuildPhase;
			buildActionMask = 2147483647;
			files = (
				FA1B6B022704B1C900920346 /* MockDataTask.swift in Sources */,
				FA1B6B042704B1FC00920346 /* MockSession.swift in Sources */,
				FA73721726FCC0ED00052946 /* MovieFinderTests.swift in Sources */,
			);
			runOnlyForDeploymentPostprocessing = 0;
		};
		FA73721826FCC0ED00052946 /* Sources */ = {
			isa = PBXSourcesBuildPhase;
			buildActionMask = 2147483647;
			files = (
				FA73722126FCC0ED00052946 /* MovieFinderUITests.swift in Sources */,
				FA73722326FCC0ED00052946 /* MovieFinderUITestsLaunchTests.swift in Sources */,
			);
			runOnlyForDeploymentPostprocessing = 0;
		};
/* End PBXSourcesBuildPhase section */

/* Begin PBXTargetDependency section */
		FA73721426FCC0ED00052946 /* PBXTargetDependency */ = {
			isa = PBXTargetDependency;
			target = FA7371FB26FCC0E700052946 /* MovieFinder */;
			targetProxy = FA73721326FCC0ED00052946 /* PBXContainerItemProxy */;
		};
		FA73721E26FCC0ED00052946 /* PBXTargetDependency */ = {
			isa = PBXTargetDependency;
			target = FA7371FB26FCC0E700052946 /* MovieFinder */;
			targetProxy = FA73721D26FCC0ED00052946 /* PBXContainerItemProxy */;
		};
/* End PBXTargetDependency section */

/* Begin PBXVariantGroup section */
		FA73720526FCC0E700052946 /* Main.storyboard */ = {
			isa = PBXVariantGroup;
			children = (
				FA73720626FCC0E700052946 /* Base */,
			);
			name = Main.storyboard;
			sourceTree = "<group>";
		};
		FA73720A26FCC0EC00052946 /* LaunchScreen.storyboard */ = {
			isa = PBXVariantGroup;
			children = (
				FA73720B26FCC0EC00052946 /* Base */,
			);
			name = LaunchScreen.storyboard;
			sourceTree = "<group>";
		};
/* End PBXVariantGroup section */

/* Begin XCBuildConfiguration section */
		FA73722426FCC0ED00052946 /* Debug */ = {
			isa = XCBuildConfiguration;
			buildSettings = {
				ALWAYS_SEARCH_USER_PATHS = NO;
				CLANG_ANALYZER_NONNULL = YES;
				CLANG_ANALYZER_NUMBER_OBJECT_CONVERSION = YES_AGGRESSIVE;
				CLANG_CXX_LANGUAGE_STANDARD = "gnu++17";
				CLANG_CXX_LIBRARY = "libc++";
				CLANG_ENABLE_MODULES = YES;
				CLANG_ENABLE_OBJC_ARC = YES;
				CLANG_ENABLE_OBJC_WEAK = YES;
				CLANG_WARN_BLOCK_CAPTURE_AUTORELEASING = YES;
				CLANG_WARN_BOOL_CONVERSION = YES;
				CLANG_WARN_COMMA = YES;
				CLANG_WARN_CONSTANT_CONVERSION = YES;
				CLANG_WARN_DEPRECATED_OBJC_IMPLEMENTATIONS = YES;
				CLANG_WARN_DIRECT_OBJC_ISA_USAGE = YES_ERROR;
				CLANG_WARN_DOCUMENTATION_COMMENTS = YES;
				CLANG_WARN_EMPTY_BODY = YES;
				CLANG_WARN_ENUM_CONVERSION = YES;
				CLANG_WARN_INFINITE_RECURSION = YES;
				CLANG_WARN_INT_CONVERSION = YES;
				CLANG_WARN_NON_LITERAL_NULL_CONVERSION = YES;
				CLANG_WARN_OBJC_IMPLICIT_RETAIN_SELF = YES;
				CLANG_WARN_OBJC_LITERAL_CONVERSION = YES;
				CLANG_WARN_OBJC_ROOT_CLASS = YES_ERROR;
				CLANG_WARN_QUOTED_INCLUDE_IN_FRAMEWORK_HEADER = YES;
				CLANG_WARN_RANGE_LOOP_ANALYSIS = YES;
				CLANG_WARN_STRICT_PROTOTYPES = YES;
				CLANG_WARN_SUSPICIOUS_MOVE = YES;
				CLANG_WARN_UNGUARDED_AVAILABILITY = YES_AGGRESSIVE;
				CLANG_WARN_UNREACHABLE_CODE = YES;
				CLANG_WARN__DUPLICATE_METHOD_MATCH = YES;
				COPY_PHASE_STRIP = NO;
				DEBUG_INFORMATION_FORMAT = dwarf;
				ENABLE_STRICT_OBJC_MSGSEND = YES;
				ENABLE_TESTABILITY = YES;
				GCC_C_LANGUAGE_STANDARD = gnu11;
				GCC_DYNAMIC_NO_PIC = NO;
				GCC_NO_COMMON_BLOCKS = YES;
				GCC_OPTIMIZATION_LEVEL = 0;
				GCC_PREPROCESSOR_DEFINITIONS = (
					"DEBUG=1",
					"$(inherited)",
				);
				GCC_WARN_64_TO_32_BIT_CONVERSION = YES;
				GCC_WARN_ABOUT_RETURN_TYPE = YES_ERROR;
				GCC_WARN_UNDECLARED_SELECTOR = YES;
				GCC_WARN_UNINITIALIZED_AUTOS = YES_AGGRESSIVE;
				GCC_WARN_UNUSED_FUNCTION = YES;
				GCC_WARN_UNUSED_VARIABLE = YES;
				IPHONEOS_DEPLOYMENT_TARGET = 15.0;
				MTL_ENABLE_DEBUG_INFO = INCLUDE_SOURCE;
				MTL_FAST_MATH = YES;
				ONLY_ACTIVE_ARCH = YES;
				SDKROOT = iphoneos;
				SWIFT_ACTIVE_COMPILATION_CONDITIONS = DEBUG;
				SWIFT_OPTIMIZATION_LEVEL = "-Onone";
			};
			name = Debug;
		};
		FA73722526FCC0ED00052946 /* Release */ = {
			isa = XCBuildConfiguration;
			buildSettings = {
				ALWAYS_SEARCH_USER_PATHS = NO;
				CLANG_ANALYZER_NONNULL = YES;
				CLANG_ANALYZER_NUMBER_OBJECT_CONVERSION = YES_AGGRESSIVE;
				CLANG_CXX_LANGUAGE_STANDARD = "gnu++17";
				CLANG_CXX_LIBRARY = "libc++";
				CLANG_ENABLE_MODULES = YES;
				CLANG_ENABLE_OBJC_ARC = YES;
				CLANG_ENABLE_OBJC_WEAK = YES;
				CLANG_WARN_BLOCK_CAPTURE_AUTORELEASING = YES;
				CLANG_WARN_BOOL_CONVERSION = YES;
				CLANG_WARN_COMMA = YES;
				CLANG_WARN_CONSTANT_CONVERSION = YES;
				CLANG_WARN_DEPRECATED_OBJC_IMPLEMENTATIONS = YES;
				CLANG_WARN_DIRECT_OBJC_ISA_USAGE = YES_ERROR;
				CLANG_WARN_DOCUMENTATION_COMMENTS = YES;
				CLANG_WARN_EMPTY_BODY = YES;
				CLANG_WARN_ENUM_CONVERSION = YES;
				CLANG_WARN_INFINITE_RECURSION = YES;
				CLANG_WARN_INT_CONVERSION = YES;
				CLANG_WARN_NON_LITERAL_NULL_CONVERSION = YES;
				CLANG_WARN_OBJC_IMPLICIT_RETAIN_SELF = YES;
				CLANG_WARN_OBJC_LITERAL_CONVERSION = YES;
				CLANG_WARN_OBJC_ROOT_CLASS = YES_ERROR;
				CLANG_WARN_QUOTED_INCLUDE_IN_FRAMEWORK_HEADER = YES;
				CLANG_WARN_RANGE_LOOP_ANALYSIS = YES;
				CLANG_WARN_STRICT_PROTOTYPES = YES;
				CLANG_WARN_SUSPICIOUS_MOVE = YES;
				CLANG_WARN_UNGUARDED_AVAILABILITY = YES_AGGRESSIVE;
				CLANG_WARN_UNREACHABLE_CODE = YES;
				CLANG_WARN__DUPLICATE_METHOD_MATCH = YES;
				COPY_PHASE_STRIP = NO;
				DEBUG_INFORMATION_FORMAT = "dwarf-with-dsym";
				ENABLE_NS_ASSERTIONS = NO;
				ENABLE_STRICT_OBJC_MSGSEND = YES;
				GCC_C_LANGUAGE_STANDARD = gnu11;
				GCC_NO_COMMON_BLOCKS = YES;
				GCC_WARN_64_TO_32_BIT_CONVERSION = YES;
				GCC_WARN_ABOUT_RETURN_TYPE = YES_ERROR;
				GCC_WARN_UNDECLARED_SELECTOR = YES;
				GCC_WARN_UNINITIALIZED_AUTOS = YES_AGGRESSIVE;
				GCC_WARN_UNUSED_FUNCTION = YES;
				GCC_WARN_UNUSED_VARIABLE = YES;
				IPHONEOS_DEPLOYMENT_TARGET = 15.0;
				MTL_ENABLE_DEBUG_INFO = NO;
				MTL_FAST_MATH = YES;
				SDKROOT = iphoneos;
				SWIFT_COMPILATION_MODE = wholemodule;
				SWIFT_OPTIMIZATION_LEVEL = "-O";
				VALIDATE_PRODUCT = YES;
			};
			name = Release;
		};
		FA73722726FCC0ED00052946 /* Debug */ = {
			isa = XCBuildConfiguration;
			baseConfigurationReference = 696E87D146FB1FFD2FCAECC7 /* Pods-MovieFinder.debug.xcconfig */;
			buildSettings = {
				ASSETCATALOG_COMPILER_APPICON_NAME = AppIcon;
				ASSETCATALOG_COMPILER_GLOBAL_ACCENT_COLOR_NAME = AccentColor;
				CODE_SIGN_STYLE = Automatic;
				CURRENT_PROJECT_VERSION = 1;
				DEVELOPMENT_TEAM = W6MAKY98QY;
				GENERATE_INFOPLIST_FILE = YES;
				INFOPLIST_FILE = MovieFinder/Info.plist;
				INFOPLIST_KEY_UIApplicationSupportsIndirectInputEvents = YES;
				INFOPLIST_KEY_UILaunchStoryboardName = LaunchScreen;
				INFOPLIST_KEY_UIMainStoryboardFile = Main;
				INFOPLIST_KEY_UISupportedInterfaceOrientations_iPad = "UIInterfaceOrientationPortrait UIInterfaceOrientationPortraitUpsideDown UIInterfaceOrientationLandscapeLeft UIInterfaceOrientationLandscapeRight";
				INFOPLIST_KEY_UISupportedInterfaceOrientations_iPhone = "UIInterfaceOrientationPortrait UIInterfaceOrientationLandscapeLeft UIInterfaceOrientationLandscapeRight";
				LD_RUNPATH_SEARCH_PATHS = (
					"$(inherited)",
					"@executable_path/Frameworks",
				);
				MARKETING_VERSION = 1.0;
				PRODUCT_BUNDLE_IDENTIFIER = oleksiy.petlyuk.MovieFinder;
				PRODUCT_NAME = "$(TARGET_NAME)";
				SWIFT_EMIT_LOC_STRINGS = YES;
				SWIFT_VERSION = 5.0;
				TARGETED_DEVICE_FAMILY = "1,2";
			};
			name = Debug;
		};
		FA73722826FCC0ED00052946 /* Release */ = {
			isa = XCBuildConfiguration;
			baseConfigurationReference = AEFAADBB407D523AF054CCEC /* Pods-MovieFinder.release.xcconfig */;
			buildSettings = {
				ASSETCATALOG_COMPILER_APPICON_NAME = AppIcon;
				ASSETCATALOG_COMPILER_GLOBAL_ACCENT_COLOR_NAME = AccentColor;
				CODE_SIGN_STYLE = Automatic;
				CURRENT_PROJECT_VERSION = 1;
				DEVELOPMENT_TEAM = W6MAKY98QY;
				GENERATE_INFOPLIST_FILE = YES;
				INFOPLIST_FILE = MovieFinder/Info.plist;
				INFOPLIST_KEY_UIApplicationSupportsIndirectInputEvents = YES;
				INFOPLIST_KEY_UILaunchStoryboardName = LaunchScreen;
				INFOPLIST_KEY_UIMainStoryboardFile = Main;
				INFOPLIST_KEY_UISupportedInterfaceOrientations_iPad = "UIInterfaceOrientationPortrait UIInterfaceOrientationPortraitUpsideDown UIInterfaceOrientationLandscapeLeft UIInterfaceOrientationLandscapeRight";
				INFOPLIST_KEY_UISupportedInterfaceOrientations_iPhone = "UIInterfaceOrientationPortrait UIInterfaceOrientationLandscapeLeft UIInterfaceOrientationLandscapeRight";
				LD_RUNPATH_SEARCH_PATHS = (
					"$(inherited)",
					"@executable_path/Frameworks",
				);
				MARKETING_VERSION = 1.0;
				PRODUCT_BUNDLE_IDENTIFIER = oleksiy.petlyuk.MovieFinder;
				PRODUCT_NAME = "$(TARGET_NAME)";
				SWIFT_EMIT_LOC_STRINGS = YES;
				SWIFT_VERSION = 5.0;
				TARGETED_DEVICE_FAMILY = "1,2";
			};
			name = Release;
		};
		FA73722A26FCC0ED00052946 /* Debug */ = {
			isa = XCBuildConfiguration;
			baseConfigurationReference = 189727EF98AD8C01F8383956 /* Pods-MovieFinderTests.debug.xcconfig */;
			buildSettings = {
				ALWAYS_EMBED_SWIFT_STANDARD_LIBRARIES = YES;
				BUNDLE_LOADER = "$(TEST_HOST)";
				CODE_SIGN_STYLE = Automatic;
				CURRENT_PROJECT_VERSION = 1;
				DEVELOPMENT_TEAM = W6MAKY98QY;
				GENERATE_INFOPLIST_FILE = YES;
				IPHONEOS_DEPLOYMENT_TARGET = 15.0;
				LD_RUNPATH_SEARCH_PATHS = (
					"$(inherited)",
					"@executable_path/Frameworks",
					"@loader_path/Frameworks",
				);
				MARKETING_VERSION = 1.0;
				PRODUCT_BUNDLE_IDENTIFIER = oleksiy.petlyuk.MovieFinderTests;
				PRODUCT_NAME = "$(TARGET_NAME)";
				SWIFT_EMIT_LOC_STRINGS = NO;
				SWIFT_VERSION = 5.0;
				TARGETED_DEVICE_FAMILY = "1,2";
				TEST_HOST = "$(BUILT_PRODUCTS_DIR)/MovieFinder.app/MovieFinder";
			};
			name = Debug;
		};
		FA73722B26FCC0ED00052946 /* Release */ = {
			isa = XCBuildConfiguration;
			baseConfigurationReference = 64DD51E6C195376C70BB5DB7 /* Pods-MovieFinderTests.release.xcconfig */;
			buildSettings = {
				ALWAYS_EMBED_SWIFT_STANDARD_LIBRARIES = YES;
				BUNDLE_LOADER = "$(TEST_HOST)";
				CODE_SIGN_STYLE = Automatic;
				CURRENT_PROJECT_VERSION = 1;
				DEVELOPMENT_TEAM = W6MAKY98QY;
				GENERATE_INFOPLIST_FILE = YES;
				IPHONEOS_DEPLOYMENT_TARGET = 15.0;
				LD_RUNPATH_SEARCH_PATHS = (
					"$(inherited)",
					"@executable_path/Frameworks",
					"@loader_path/Frameworks",
				);
				MARKETING_VERSION = 1.0;
				PRODUCT_BUNDLE_IDENTIFIER = oleksiy.petlyuk.MovieFinderTests;
				PRODUCT_NAME = "$(TARGET_NAME)";
				SWIFT_EMIT_LOC_STRINGS = NO;
				SWIFT_VERSION = 5.0;
				TARGETED_DEVICE_FAMILY = "1,2";
				TEST_HOST = "$(BUILT_PRODUCTS_DIR)/MovieFinder.app/MovieFinder";
			};
			name = Release;
		};
		FA73722D26FCC0ED00052946 /* Debug */ = {
			isa = XCBuildConfiguration;
			baseConfigurationReference = 961E3BE4176FC9C46EFCDF12 /* Pods-MovieFinder-MovieFinderUITests.debug.xcconfig */;
			buildSettings = {
				ALWAYS_EMBED_SWIFT_STANDARD_LIBRARIES = YES;
				CODE_SIGN_STYLE = Automatic;
				CURRENT_PROJECT_VERSION = 1;
				DEVELOPMENT_TEAM = W6MAKY98QY;
				GENERATE_INFOPLIST_FILE = YES;
				LD_RUNPATH_SEARCH_PATHS = (
					"$(inherited)",
					"@executable_path/Frameworks",
					"@loader_path/Frameworks",
				);
				MARKETING_VERSION = 1.0;
				PRODUCT_BUNDLE_IDENTIFIER = oleksiy.petlyuk.MovieFinderUITests;
				PRODUCT_NAME = "$(TARGET_NAME)";
				SWIFT_EMIT_LOC_STRINGS = NO;
				SWIFT_VERSION = 5.0;
				TARGETED_DEVICE_FAMILY = "1,2";
				TEST_TARGET_NAME = MovieFinder;
			};
			name = Debug;
		};
		FA73722E26FCC0ED00052946 /* Release */ = {
			isa = XCBuildConfiguration;
			baseConfigurationReference = B86B2B33F8EBEB2519DD1BF8 /* Pods-MovieFinder-MovieFinderUITests.release.xcconfig */;
			buildSettings = {
				ALWAYS_EMBED_SWIFT_STANDARD_LIBRARIES = YES;
				CODE_SIGN_STYLE = Automatic;
				CURRENT_PROJECT_VERSION = 1;
				DEVELOPMENT_TEAM = W6MAKY98QY;
				GENERATE_INFOPLIST_FILE = YES;
				LD_RUNPATH_SEARCH_PATHS = (
					"$(inherited)",
					"@executable_path/Frameworks",
					"@loader_path/Frameworks",
				);
				MARKETING_VERSION = 1.0;
				PRODUCT_BUNDLE_IDENTIFIER = oleksiy.petlyuk.MovieFinderUITests;
				PRODUCT_NAME = "$(TARGET_NAME)";
				SWIFT_EMIT_LOC_STRINGS = NO;
				SWIFT_VERSION = 5.0;
				TARGETED_DEVICE_FAMILY = "1,2";
				TEST_TARGET_NAME = MovieFinder;
			};
			name = Release;
		};
/* End XCBuildConfiguration section */

/* Begin XCConfigurationList section */
		FA7371F726FCC0E700052946 /* Build configuration list for PBXProject "MovieFinder" */ = {
			isa = XCConfigurationList;
			buildConfigurations = (
				FA73722426FCC0ED00052946 /* Debug */,
				FA73722526FCC0ED00052946 /* Release */,
			);
			defaultConfigurationIsVisible = 0;
			defaultConfigurationName = Release;
		};
		FA73722626FCC0ED00052946 /* Build configuration list for PBXNativeTarget "MovieFinder" */ = {
			isa = XCConfigurationList;
			buildConfigurations = (
				FA73722726FCC0ED00052946 /* Debug */,
				FA73722826FCC0ED00052946 /* Release */,
			);
			defaultConfigurationIsVisible = 0;
			defaultConfigurationName = Release;
		};
		FA73722926FCC0ED00052946 /* Build configuration list for PBXNativeTarget "MovieFinderTests" */ = {
			isa = XCConfigurationList;
			buildConfigurations = (
				FA73722A26FCC0ED00052946 /* Debug */,
				FA73722B26FCC0ED00052946 /* Release */,
			);
			defaultConfigurationIsVisible = 0;
			defaultConfigurationName = Release;
		};
		FA73722C26FCC0ED00052946 /* Build configuration list for PBXNativeTarget "MovieFinderUITests" */ = {
			isa = XCConfigurationList;
			buildConfigurations = (
				FA73722D26FCC0ED00052946 /* Debug */,
				FA73722E26FCC0ED00052946 /* Release */,
			);
			defaultConfigurationIsVisible = 0;
			defaultConfigurationName = Release;
		};
/* End XCConfigurationList section */
	};
	rootObject = FA7371F426FCC0E700052946 /* Project object */;
}
